
Microsoft Visual Studio Solution File, Format Version 12.00
# Visual Studio 15
VisualStudioVersion = 15.0.28307.705
MinimumVisualStudioVersion = 10.0.40219.1
Project("{FAE04EC0-301F-11D3-BF4B-00C04F79EFBC}") = "tribunal.Negocio", "tribunal.Negocio\tribunal.Negocio.csproj", "{8CDDE0DF-8000-4F0C-AFCE-F07D868FD34C}"
EndProject
Project("{FAE04EC0-301F-11D3-BF4B-00C04F79EFBC}") = "WPF", "WPF\WPF.csproj", "{7325F09D-D12D-4E79-A484-B3D57CFA5A08}"
EndProject
Project("{FAE04EC0-301F-11D3-BF4B-00C04F79EFBC}") = "tribunal.DALC", "tribunal.DALC\tribunal.DALC.csproj", "{BD4DCC43-EAD3-4595-9951-D114EC25A8DF}"
EndProject
Global
	GlobalSection(SolutionConfigurationPlatforms) = preSolution
		Debug|Any CPU = Debug|Any CPU
		Release|Any CPU = Release|Any CPU
	EndGlobalSection
	GlobalSection(ProjectConfigurationPlatforms) = postSolution
		{8CDDE0DF-8000-4F0C-AFCE-F07D868FD34C}.Debug|Any CPU.ActiveCfg = Debug|Any CPU
		{8CDDE0DF-8000-4F0C-AFCE-F07D868FD34C}.Debug|Any CPU.Build.0 = Debug|Any CPU
		{8CDDE0DF-8000-4F0C-AFCE-F07D868FD34C}.Release|Any CPU.ActiveCfg = Release|Any CPU
		{8CDDE0DF-8000-4F0C-AFCE-F07D868FD34C}.Release|Any CPU.Build.0 = Release|Any CPU
		{7325F09D-D12D-4E79-A484-B3D57CFA5A08}.Debug|Any CPU.ActiveCfg = Debug|Any CPU
		{7325F09D-D12D-4E79-A484-B3D57CFA5A08}.Debug|Any CPU.Build.0 = Debug|Any CPU
		{7325F09D-D12D-4E79-A484-B3D57CFA5A08}.Release|Any CPU.ActiveCfg = Release|Any CPU
		{7325F09D-D12D-4E79-A484-B3D57CFA5A08}.Release|Any CPU.Build.0 = Release|Any CPU
		{BD4DCC43-EAD3-4595-9951-D114EC25A8DF}.Debug|Any CPU.ActiveCfg = Debug|Any CPU
		{BD4DCC43-EAD3-4595-9951-D114EC25A8DF}.Debug|Any CPU.Build.0 = Debug|Any CPU
		{BD4DCC43-EAD3-4595-9951-D114EC25A8DF}.Release|Any CPU.ActiveCfg = Release|Any CPU
		{BD4DCC43-EAD3-4595-9951-D114EC25A8DF}.Release|Any CPU.Build.0 = Release|Any CPU
	EndGlobalSection
	GlobalSection(SolutionProperties) = preSolution
		HideSolutionNode = FALSE
	EndGlobalSection
	GlobalSection(ExtensibilityGlobals) = postSolution
		SolutionGuid = {45DE7261-8CD3-426C-AA71-0C61EA75703C}
	EndGlobalSection
EndGlobal
